
Microsoft Visual Studio Solution File, Format Version 12.00
# Visual Studio 14
VisualStudioVersion = 14.0.23107.0
MinimumVisualStudioVersion = 10.0.40219.1
Project("{FAE04EC0-301F-11D3-BF4B-00C04F79EFBC}") = "SwaggerUI.Owin", "SwaggerUI.Owin\SwaggerUI.Owin.csproj", "{BB2E4ED4-7E8C-4528-8CBA-59922E4512C6}"
EndProject
Global
	GlobalSection(SolutionConfigurationPlatforms) = preSolution
		Debug|Any CPU = Debug|Any CPU
		Release|Any CPU = Release|Any CPU
	EndGlobalSection
	GlobalSection(ProjectConfigurationPlatforms) = postSolution
		{BB2E4ED4-7E8C-4528-8CBA-59922E4512C6}.Debug|Any CPU.ActiveCfg = Debug|Any CPU
		{BB2E4ED4-7E8C-4528-8CBA-59922E4512C6}.Debug|Any CPU.Build.0 = Debug|Any CPU
		{BB2E4ED4-7E8C-4528-8CBA-59922E4512C6}.Release|Any CPU.ActiveCfg = Release|Any CPU
		{BB2E4ED4-7E8C-4528-8CBA-59922E4512C6}.Release|Any CPU.Build.0 = Release|Any CPU
	EndGlobalSection
	GlobalSection(SolutionProperties) = preSolution
		HideSolutionNode = FALSE
	EndGlobalSection
EndGlobal
